// !$*UTF8*$!
{
	archiveVersion = 1;
	classes = {
	};
	objectVersion = 46;
	objects = {

/* Begin PBXBuildFile section */
		2654241D1E3318800048B675 /* AppDelegate.swift in Sources */ = {isa = PBXBuildFile; fileRef = 2654241C1E3318800048B675 /* AppDelegate.swift */; };
		2654241F1E3318800048B675 /* MemberViewController.swift in Sources */ = {isa = PBXBuildFile; fileRef = 2654241E1E3318800048B675 /* MemberViewController.swift */; };
		265424221E3318800048B675 /* Main.storyboard in Resources */ = {isa = PBXBuildFile; fileRef = 265424201E3318800048B675 /* Main.storyboard */; };
		265424241E3318800048B675 /* Assets.xcassets in Resources */ = {isa = PBXBuildFile; fileRef = 265424231E3318800048B675 /* Assets.xcassets */; };
		265424271E3318800048B675 /* LaunchScreen.storyboard in Resources */ = {isa = PBXBuildFile; fileRef = 265424251E3318800048B675 /* LaunchScreen.storyboard */; };
		2654242F1E331AA80048B675 /* Member.swift in Sources */ = {isa = PBXBuildFile; fileRef = 2654242E1E331AA80048B675 /* Member.swift */; };
		267048801F58922300C59EAB /* BobDataBase.swift in Sources */ = {isa = PBXBuildFile; fileRef = 2670487F1F58922300C59EAB /* BobDataBase.swift */; };
		267048831F58983900C59EAB /* BobDataModel.xcdatamodeld in Sources */ = {isa = PBXBuildFile; fileRef = 267048811F58983900C59EAB /* BobDataModel.xcdatamodeld */; };
		267048861F58F30B00C59EAB /* Member+CoreDataClass.swift in Sources */ = {isa = PBXBuildFile; fileRef = 267048841F58F30B00C59EAB /* Member+CoreDataClass.swift */; };
		267048871F58F30B00C59EAB /* Member+CoreDataProperties.swift in Sources */ = {isa = PBXBuildFile; fileRef = 267048851F58F30B00C59EAB /* Member+CoreDataProperties.swift */; };
		26C7814A1E74A97B0082C6FA /* MemberTableViewCell.swift in Sources */ = {isa = PBXBuildFile; fileRef = 26C781491E74A97B0082C6FA /* MemberTableViewCell.swift */; };
		26E695A11E737D4500A50B0E /* MembersTableViewController.swift in Sources */ = {isa = PBXBuildFile; fileRef = 26E695A01E737D4500A50B0E /* MembersTableViewController.swift */; };
/* End PBXBuildFile section */

/* Begin PBXFileReference section */
		265424191E3318800048B675 /* Project Bob.app */ = {isa = PBXFileReference; explicitFileType = wrapper.application; includeInIndex = 0; path = "Project Bob.app"; sourceTree = BUILT_PRODUCTS_DIR; };
		2654241C1E3318800048B675 /* AppDelegate.swift */ = {isa = PBXFileReference; lastKnownFileType = sourcecode.swift; path = AppDelegate.swift; sourceTree = "<group>"; };
		2654241E1E3318800048B675 /* MemberViewController.swift */ = {isa = PBXFileReference; lastKnownFileType = sourcecode.swift; path = MemberViewController.swift; sourceTree = "<group>"; };
		265424211E3318800048B675 /* Base */ = {isa = PBXFileReference; lastKnownFileType = file.storyboard; name = Base; path = Base.lproj/Main.storyboard; sourceTree = "<group>"; };
		265424231E3318800048B675 /* Assets.xcassets */ = {isa = PBXFileReference; lastKnownFileType = folder.assetcatalog; path = Assets.xcassets; sourceTree = "<group>"; };
		265424261E3318800048B675 /* Base */ = {isa = PBXFileReference; lastKnownFileType = file.storyboard; name = Base; path = Base.lproj/LaunchScreen.storyboard; sourceTree = "<group>"; };
		265424281E3318800048B675 /* Info.plist */ = {isa = PBXFileReference; lastKnownFileType = text.plist.xml; path = Info.plist; sourceTree = "<group>"; };
		2654242E1E331AA80048B675 /* Member.swift */ = {isa = PBXFileReference; fileEncoding = 4; lastKnownFileType = sourcecode.swift; path = Member.swift; sourceTree = "<group>"; };
		2670487F1F58922300C59EAB /* BobDataBase.swift */ = {isa = PBXFileReference; fileEncoding = 4; lastKnownFileType = sourcecode.swift; path = BobDataBase.swift; sourceTree = "<group>"; };
		267048821F58983900C59EAB /* BobDataModel.xcdatamodel */ = {isa = PBXFileReference; lastKnownFileType = wrapper.xcdatamodel; path = BobDataModel.xcdatamodel; sourceTree = "<group>"; };
		267048841F58F30B00C59EAB /* Member+CoreDataClass.swift */ = {isa = PBXFileReference; fileEncoding = 4; lastKnownFileType = sourcecode.swift; name = "Member+CoreDataClass.swift"; path = "Project Bob/Member+CoreDataClass.swift"; sourceTree = "<group>"; };
		267048851F58F30B00C59EAB /* Member+CoreDataProperties.swift */ = {isa = PBXFileReference; fileEncoding = 4; lastKnownFileType = sourcecode.swift; name = "Member+CoreDataProperties.swift"; path = "Project Bob/Member+CoreDataProperties.swift"; sourceTree = "<group>"; };
		26C781491E74A97B0082C6FA /* MemberTableViewCell.swift */ = {isa = PBXFileReference; fileEncoding = 4; lastKnownFileType = sourcecode.swift; path = MemberTableViewCell.swift; sourceTree = "<group>"; };
		26E695A01E737D4500A50B0E /* MembersTableViewController.swift */ = {isa = PBXFileReference; fileEncoding = 4; lastKnownFileType = sourcecode.swift; name = MembersTableViewController.swift; path = ../MembersTableViewController.swift; sourceTree = "<group>"; };
/* End PBXFileReference section */

/* Begin PBXFrameworksBuildPhase section */
		265424161E3318800048B675 /* Frameworks */ = {
			isa = PBXFrameworksBuildPhase;
			buildActionMask = 2147483647;
			files = (
			);
			runOnlyForDeploymentPostprocessing = 0;
		};
/* End PBXFrameworksBuildPhase section */

/* Begin PBXGroup section */
		265424101E3318800048B675 = {
			isa = PBXGroup;
			children = (
				267048841F58F30B00C59EAB /* Member+CoreDataClass.swift */,
				267048851F58F30B00C59EAB /* Member+CoreDataProperties.swift */,
				2654241B1E3318800048B675 /* Project Bob */,
				2654241A1E3318800048B675 /* Products */,
			);
			sourceTree = "<group>";
		};
		2654241A1E3318800048B675 /* Products */ = {
			isa = PBXGroup;
			children = (
				265424191E3318800048B675 /* Project Bob.app */,
			);
			name = Products;
			sourceTree = "<group>";
		};
		2654241B1E3318800048B675 /* Project Bob */ = {
			isa = PBXGroup;
			children = (
				2654241C1E3318800048B675 /* AppDelegate.swift */,
				265424201E3318800048B675 /* Main.storyboard */,
				2654241E1E3318800048B675 /* MemberViewController.swift */,
				26E695A01E737D4500A50B0E /* MembersTableViewController.swift */,
				26C781491E74A97B0082C6FA /* MemberTableViewCell.swift */,
				2654242E1E331AA80048B675 /* Member.swift */,
				2670487F1F58922300C59EAB /* BobDataBase.swift */,
				267048811F58983900C59EAB /* BobDataModel.xcdatamodeld */,
				265424231E3318800048B675 /* Assets.xcassets */,
				265424251E3318800048B675 /* LaunchScreen.storyboard */,
				265424281E3318800048B675 /* Info.plist */,
			);
			path = "Project Bob";
			sourceTree = "<group>";
		};
/* End PBXGroup section */

/* Begin PBXNativeTarget section */
		265424181E3318800048B675 /* Project Bob */ = {
			isa = PBXNativeTarget;
			buildConfigurationList = 2654242B1E3318800048B675 /* Build configuration list for PBXNativeTarget "Project Bob" */;
			buildPhases = (
				265424151E3318800048B675 /* Sources */,
				265424161E3318800048B675 /* Frameworks */,
				265424171E3318800048B675 /* Resources */,
			);
			buildRules = (
			);
			dependencies = (
			);
			name = "Project Bob";
			productName = "Project Bob";
			productReference = 265424191E3318800048B675 /* Project Bob.app */;
			productType = "com.apple.product-type.application";
		};
/* End PBXNativeTarget section */

/* Begin PBXProject section */
		265424111E3318800048B675 /* Project object */ = {
			isa = PBXProject;
			attributes = {
				LastSwiftUpdateCheck = 0820;
				LastUpgradeCheck = 0820;
				ORGANIZATIONNAME = "Emil Safier";
				TargetAttributes = {
					265424181E3318800048B675 = {
						CreatedOnToolsVersion = 8.2.1;
						DevelopmentTeam = WH8B5RXB5B;
						ProvisioningStyle = Automatic;
					};
				};
			};
			buildConfigurationList = 265424141E3318800048B675 /* Build configuration list for PBXProject "Project Bob" */;
			compatibilityVersion = "Xcode 3.2";
			developmentRegion = English;
			hasScannedForEncodings = 0;
			knownRegions = (
				en,
				Base,
			);
			mainGroup = 265424101E3318800048B675;
			productRefGroup = 2654241A1E3318800048B675 /* Products */;
			projectDirPath = "";
			projectRoot = "";
			targets = (
				265424181E3318800048B675 /* Project Bob */,
			);
		};
/* End PBXProject section */

/* Begin PBXResourcesBuildPhase section */
		265424171E3318800048B675 /* Resources */ = {
			isa = PBXResourcesBuildPhase;
			buildActionMask = 2147483647;
			files = (
				265424271E3318800048B675 /* LaunchScreen.storyboard in Resources */,
				265424241E3318800048B675 /* Assets.xcassets in Resources */,
				265424221E3318800048B675 /* Main.storyboard in Resources */,
			);
			runOnlyForDeploymentPostprocessing = 0;
		};
/* End PBXResourcesBuildPhase section */

/* Begin PBXSourcesBuildPhase section */
		265424151E3318800048B675 /* Sources */ = {
			isa = PBXSourcesBuildPhase;
			buildActionMask = 2147483647;
			files = (
				267048801F58922300C59EAB /* BobDataBase.swift in Sources */,
				267048861F58F30B00C59EAB /* Member+CoreDataClass.swift in Sources */,
				267048831F58983900C59EAB /* BobDataModel.xcdatamodeld in Sources */,
				26C7814A1E74A97B0082C6FA /* MemberTableViewCell.swift in Sources */,
				2654241F1E3318800048B675 /* MemberViewController.swift in Sources */,
				2654242F1E331AA80048B675 /* Member.swift in Sources */,
				267048871F58F30B00C59EAB /* Member+CoreDataProperties.swift in Sources */,
				26E695A11E737D4500A50B0E /* MembersTableViewController.swift in Sources */,
				2654241D1E3318800048B675 /* AppDelegate.swift in Sources */,
			);
			runOnlyForDeploymentPostprocessing = 0;
		};
/* End PBXSourcesBuildPhase section */

/* Begin PBXVariantGroup section */
		265424201E3318800048B675 /* Main.storyboard */ = {
			isa = PBXVariantGroup;
			children = (
				265424211E3318800048B675 /* Base */,
			);
			name = Main.storyboard;
			sourceTree = "<group>";
		};
		265424251E3318800048B675 /* LaunchScreen.storyboard */ = {
			isa = PBXVariantGroup;
			children = (
				265424261E3318800048B675 /* Base */,
			);
			name = LaunchScreen.storyboard;
			sourceTree = "<group>";
		};
/* End PBXVariantGroup section */

/* Begin XCBuildConfiguration section */
		265424291E3318800048B675 /* Debug */ = {
			isa = XCBuildConfiguration;
			buildSettings = {
				ALWAYS_SEARCH_USER_PATHS = NO;
				CLANG_ANALYZER_NONNULL = YES;
				CLANG_CXX_LANGUAGE_STANDARD = "gnu++0x";
				CLANG_CXX_LIBRARY = "libc++";
				CLANG_ENABLE_MODULES = YES;
				CLANG_ENABLE_OBJC_ARC = YES;
				CLANG_WARN_BOOL_CONVERSION = YES;
				CLANG_WARN_CONSTANT_CONVERSION = YES;
				CLANG_WARN_DIRECT_OBJC_ISA_USAGE = YES_ERROR;
				CLANG_WARN_DOCUMENTATION_COMMENTS = YES;
				CLANG_WARN_EMPTY_BODY = YES;
				CLANG_WARN_ENUM_CONVERSION = YES;
				CLANG_WARN_INFINITE_RECURSION = YES;
				CLANG_WARN_INT_CONVERSION = YES;
				CLANG_WARN_OBJC_ROOT_CLASS = YES_ERROR;
				CLANG_WARN_SUSPICIOUS_MOVE = YES;
				CLANG_WARN_UNREACHABLE_CODE = YES;
				CLANG_WARN__DUPLICATE_METHOD_MATCH = YES;
				"CODE_SIGN_IDENTITY[sdk=iphoneos*]" = "iPhone Developer";
				COPY_PHASE_STRIP = NO;
				DEBUG_INFORMATION_FORMAT = dwarf;
				ENABLE_STRICT_OBJC_MSGSEND = YES;
				ENABLE_TESTABILITY = YES;
				GCC_C_LANGUAGE_STANDARD = gnu99;
				GCC_DYNAMIC_NO_PIC = NO;
				GCC_NO_COMMON_BLOCKS = YES;
				GCC_OPTIMIZATION_LEVEL = 0;
				GCC_PREPROCESSOR_DEFINITIONS = (
					"DEBUG=1",
					"$(inherited)",
				);
				GCC_WARN_64_TO_32_BIT_CONVERSION = YES;
				GCC_WARN_ABOUT_RETURN_TYPE = YES_ERROR;
				GCC_WARN_UNDECLARED_SELECTOR = YES;
				GCC_WARN_UNINITIALIZED_AUTOS = YES_AGGRESSIVE;
				GCC_WARN_UNUSED_FUNCTION = YES;
				GCC_WARN_UNUSED_VARIABLE = YES;
				IPHONEOS_DEPLOYMENT_TARGET = 10.2;
				MTL_ENABLE_DEBUG_INFO = YES;
				ONLY_ACTIVE_ARCH = YES;
				SDKROOT = iphoneos;
				SWIFT_ACTIVE_COMPILATION_CONDITIONS = DEBUG;
				SWIFT_OPTIMIZATION_LEVEL = "-Onone";
				TARGETED_DEVICE_FAMILY = "1,2";
			};
			name = Debug;
		};
		2654242A1E3318800048B675 /* Release */ = {
			isa = XCBuildConfiguration;
			buildSettings = {
				ALWAYS_SEARCH_USER_PATHS = NO;
				CLANG_ANALYZER_NONNULL = YES;
				CLANG_CXX_LANGUAGE_STANDARD = "gnu++0x";
				CLANG_CXX_LIBRARY = "libc++";
				CLANG_ENABLE_MODULES = YES;
				CLANG_ENABLE_OBJC_ARC = YES;
				CLANG_WARN_BOOL_CONVERSION = YES;
				CLANG_WARN_CONSTANT_CONVERSION = YES;
				CLANG_WARN_DIRECT_OBJC_ISA_USAGE = YES_ERROR;
				CLANG_WARN_DOCUMENTATION_COMMENTS = YES;
				CLANG_WARN_EMPTY_BODY = YES;
				CLANG_WARN_ENUM_CONVERSION = YES;
				CLANG_WARN_INFINITE_RECURSION = YES;
				CLANG_WARN_INT_CONVERSION = YES;
				CLANG_WARN_OBJC_ROOT_CLASS = YES_ERROR;
				CLANG_WARN_SUSPICIOUS_MOVE = YES;
				CLANG_WARN_UNREACHABLE_CODE = YES;
				CLANG_WARN__DUPLICATE_METHOD_MATCH = YES;
				"CODE_SIGN_IDENTITY[sdk=iphoneos*]" = "iPhone Developer";
				COPY_PHASE_STRIP = NO;
				DEBUG_INFORMATION_FORMAT = "dwarf-with-dsym";
				ENABLE_NS_ASSERTIONS = NO;
				ENABLE_STRICT_OBJC_MSGSEND = YES;
				GCC_C_LANGUAGE_STANDARD = gnu99;
				GCC_NO_COMMON_BLOCKS = YES;
				GCC_WARN_64_TO_32_BIT_CONVERSION = YES;
				GCC_WARN_ABOUT_RETURN_TYPE = YES_ERROR;
				GCC_WARN_UNDECLARED_SELECTOR = YES;
				GCC_WARN_UNINITIALIZED_AUTOS = YES_AGGRESSIVE;
				GCC_WARN_UNUSED_FUNCTION = YES;
				GCC_WARN_UNUSED_VARIABLE = YES;
				IPHONEOS_DEPLOYMENT_TARGET = 10.2;
				MTL_ENABLE_DEBUG_INFO = NO;
				SDKROOT = iphoneos;
				SWIFT_OPTIMIZATION_LEVEL = "-Owholemodule";
				TARGETED_DEVICE_FAMILY = "1,2";
				VALIDATE_PRODUCT = YES;
			};
			name = Release;
		};
		2654242C1E3318800048B675 /* Debug */ = {
			isa = XCBuildConfiguration;
			buildSettings = {
				ASSETCATALOG_COMPILER_APPICON_NAME = AppIcon;
				DEVELOPMENT_TEAM = WH8B5RXB5B;
				INFOPLIST_FILE = "Project Bob/Info.plist";
				LD_RUNPATH_SEARCH_PATHS = "$(inherited) @executable_path/Frameworks";
				PRODUCT_BUNDLE_IDENTIFIER = "net.quantumfilms.Project-Bob";
				PRODUCT_NAME = "$(TARGET_NAME)";
				SWIFT_VERSION = 3.0;
			};
			name = Debug;
		};
		2654242D1E3318800048B675 /* Release */ = {
			isa = XCBuildConfiguration;
			buildSettings = {
				ASSETCATALOG_COMPILER_APPICON_NAME = AppIcon;
				DEVELOPMENT_TEAM = WH8B5RXB5B;
				INFOPLIST_FILE = "Project Bob/Info.plist";
				LD_RUNPATH_SEARCH_PATHS = "$(inherited) @executable_path/Frameworks";
				PRODUCT_BUNDLE_IDENTIFIER = "net.quantumfilms.Project-Bob";
				PRODUCT_NAME = "$(TARGET_NAME)";
				SWIFT_VERSION = 3.0;
			};
			name = Release;
		};
/* End XCBuildConfiguration section */

/* Begin XCConfigurationList section */
		265424141E3318800048B675 /* Build configuration list for PBXProject "Project Bob" */ = {
			isa = XCConfigurationList;
			buildConfigurations = (
				265424291E3318800048B675 /* Debug */,
				2654242A1E3318800048B675 /* Release */,
			);
			defaultConfigurationIsVisible = 0;
			defaultConfigurationName = Release;
		};
		2654242B1E3318800048B675 /* Build configuration list for PBXNativeTarget "Project Bob" */ = {
			isa = XCConfigurationList;
			buildConfigurations = (
				2654242C1E3318800048B675 /* Debug */,
				2654242D1E3318800048B675 /* Release */,
			);
			defaultConfigurationIsVisible = 0;
			defaultConfigurationName = Release;
		};
/* End XCConfigurationList section */

/* Begin XCVersionGroup section */
		267048811F58983900C59EAB /* BobDataModel.xcdatamodeld */ = {
			isa = XCVersionGroup;
			children = (
				267048821F58983900C59EAB /* BobDataModel.xcdatamodel */,
			);
			currentVersion = 267048821F58983900C59EAB /* BobDataModel.xcdatamodel */;
			path = BobDataModel.xcdatamodeld;
			sourceTree = "<group>";
			versionGroupType = wrapper.xcdatamodel;
		};
/* End XCVersionGroup section */
	};
	rootObject = 265424111E3318800048B675 /* Project object */;
}
